// !$*UTF8*$!
{
	archiveVersion = 1;
	classes = {
	};
	objectVersion = 46;
	objects = {

/* Begin PBXBuildFile section */
		517D19151E456CE800E59BCD /* AppDelegate.swift in Sources */ = {isa = PBXBuildFile; fileRef = 517D19141E456CE800E59BCD /* AppDelegate.swift */; };
		517D19171E456CE800E59BCD /* ViewController.swift in Sources */ = {isa = PBXBuildFile; fileRef = 517D19161E456CE800E59BCD /* ViewController.swift */; };
		517D191A1E456CE800E59BCD /* Main.storyboard in Resources */ = {isa = PBXBuildFile; fileRef = 517D19181E456CE800E59BCD /* Main.storyboard */; };
		517D191C1E456CE800E59BCD /* Assets.xcassets in Resources */ = {isa = PBXBuildFile; fileRef = 517D191B1E456CE800E59BCD /* Assets.xcassets */; };
		517D191F1E456CE800E59BCD /* LaunchScreen.storyboard in Resources */ = {isa = PBXBuildFile; fileRef = 517D191D1E456CE800E59BCD /* LaunchScreen.storyboard */; };
/* End PBXBuildFile section */

/* Begin PBXFileReference section */
		517D19111E456CE800E59BCD /* Another-WebView.app */ = {isa = PBXFileReference; explicitFileType = wrapper.application; includeInIndex = 0; path = "Another-WebView.app"; sourceTree = BUILT_PRODUCTS_DIR; };
		517D19141E456CE800E59BCD /* AppDelegate.swift */ = {isa = PBXFileReference; lastKnownFileType = sourcecode.swift; path = AppDelegate.swift; sourceTree = "<group>"; };
		517D19161E456CE800E59BCD /* ViewController.swift */ = {isa = PBXFileReference; lastKnownFileType = sourcecode.swift; path = ViewController.swift; sourceTree = "<group>"; };
		517D19191E456CE800E59BCD /* Base */ = {isa = PBXFileReference; lastKnownFileType = file.storyboard; name = Base; path = Base.lproj/Main.storyboard; sourceTree = "<group>"; };
		517D191B1E456CE800E59BCD /* Assets.xcassets */ = {isa = PBXFileReference; lastKnownFileType = folder.assetcatalog; path = Assets.xcassets; sourceTree = "<group>"; };
		517D191E1E456CE800E59BCD /* Base */ = {isa = PBXFileReference; lastKnownFileType = file.storyboard; name = Base; path = Base.lproj/LaunchScreen.storyboard; sourceTree = "<group>"; };
		517D19201E456CE800E59BCD /* Info.plist */ = {isa = PBXFileReference; lastKnownFileType = text.plist.xml; path = Info.plist; sourceTree = "<group>"; };
/* End PBXFileReference section */

/* Begin PBXFrameworksBuildPhase section */
		517D190E1E456CE700E59BCD /* Frameworks */ = {
			isa = PBXFrameworksBuildPhase;
			buildActionMask = 2147483647;
			files = (
			);
			runOnlyForDeploymentPostprocessing = 0;
		};
/* End PBXFrameworksBuildPhase section */

/* Begin PBXGroup section */
		517D19081E456CE700E59BCD = {
			isa = PBXGroup;
			children = (
				517D19131E456CE800E59BCD /* Another-WebView */,
				517D19121E456CE800E59BCD /* Products */,
			);
			sourceTree = "<group>";
		};
		517D19121E456CE800E59BCD /* Products */ = {
			isa = PBXGroup;
			children = (
				517D19111E456CE800E59BCD /* Another-WebView.app */,
			);
			name = Products;
			sourceTree = "<group>";
		};
		517D19131E456CE800E59BCD /* Another-WebView */ = {
			isa = PBXGroup;
			children = (
				517D19141E456CE800E59BCD /* AppDelegate.swift */,
				517D19161E456CE800E59BCD /* ViewController.swift */,
				517D19181E456CE800E59BCD /* Main.storyboard */,
				517D191B1E456CE800E59BCD /* Assets.xcassets */,
				517D191D1E456CE800E59BCD /* LaunchScreen.storyboard */,
				517D19201E456CE800E59BCD /* Info.plist */,
			);
			path = "Another-WebView";
			sourceTree = "<group>";
		};
/* End PBXGroup section */

/* Begin PBXNativeTarget section */
		517D19101E456CE700E59BCD /* Another-WebView */ = {
			isa = PBXNativeTarget;
			buildConfigurationList = 517D19231E456CE800E59BCD /* Build configuration list for PBXNativeTarget "Another-WebView" */;
			buildPhases = (
				517D190D1E456CE700E59BCD /* Sources */,
				517D190E1E456CE700E59BCD /* Frameworks */,
				517D190F1E456CE700E59BCD /* Resources */,
			);
			buildRules = (
			);
			dependencies = (
			);
			name = "Another-WebView";
			productName = "Another-WebView";
			productReference = 517D19111E456CE800E59BCD /* Another-WebView.app */;
			productType = "com.apple.product-type.application";
		};
/* End PBXNativeTarget section */

/* Begin PBXProject section */
		517D19091E456CE700E59BCD /* Project object */ = {
			isa = PBXProject;
			attributes = {
				LastSwiftUpdateCheck = 0820;
				LastUpgradeCheck = 0820;
				ORGANIZATIONNAME = "Duc Nguyen";
				TargetAttributes = {
					517D19101E456CE700E59BCD = {
						CreatedOnToolsVersion = 8.2.1;
						ProvisioningStyle = Automatic;
					};
				};
			};
			buildConfigurationList = 517D190C1E456CE700E59BCD /* Build configuration list for PBXProject "Another-WebView" */;
			compatibilityVersion = "Xcode 3.2";
			developmentRegion = English;
			hasScannedForEncodings = 0;
			knownRegions = (
				en,
				Base,
			);
			mainGroup = 517D19081E456CE700E59BCD;
			productRefGroup = 517D19121E456CE800E59BCD /* Products */;
			projectDirPath = "";
			projectRoot = "";
			targets = (
				517D19101E456CE700E59BCD /* Another-WebView */,
			);
		};
/* End PBXProject section */

/* Begin PBXResourcesBuildPhase section */
		517D190F1E456CE700E59BCD /* Resources */ = {
			isa = PBXResourcesBuildPhase;
			buildActionMask = 2147483647;
			files = (
				517D191F1E456CE800E59BCD /* LaunchScreen.storyboard in Resources */,
				517D191C1E456CE800E59BCD /* Assets.xcassets in Resources */,
				517D191A1E456CE800E59BCD /* Main.storyboard in Resources */,
			);
			runOnlyForDeploymentPostprocessing = 0;
		};
/* End PBXResourcesBuildPhase section */

/* Begin PBXSourcesBuildPhase section */
		517D190D1E456CE700E59BCD /* Sources */ = {
			isa = PBXSourcesBuildPhase;
			buildActionMask = 2147483647;
			files = (
				517D19171E456CE800E59BCD /* ViewController.swift in Sources */,
				517D19151E456CE800E59BCD /* AppDelegate.swift in Sources */,
			);
			runOnlyForDeploymentPostprocessing = 0;
		};
/* End PBXSourcesBuildPhase section */

/* Begin PBXVariantGroup section */
		517D19181E456CE800E59BCD /* Main.storyboard */ = {
			isa = PBXVariantGroup;
			children = (
				517D19191E456CE800E59BCD /* Base */,
			);
			name = Main.storyboard;
			sourceTree = "<group>";
		};
		517D191D1E456CE800E59BCD /* LaunchScreen.storyboard */ = {
			isa = PBXVariantGroup;
			children = (
				517D191E1E456CE800E59BCD /* Base */,
			);
			name = LaunchScreen.storyboard;
			sourceTree = "<group>";
		};
/* End PBXVariantGroup section */

/* Begin XCBuildConfiguration section */
		517D19211E456CE800E59BCD /* Debug */ = {
			isa = XCBuildConfiguration;
			buildSettings = {
				ALWAYS_SEARCH_USER_PATHS = NO;
				CLANG_ANALYZER_NONNULL = YES;
				CLANG_CXX_LANGUAGE_STANDARD = "gnu++0x";
				CLANG_CXX_LIBRARY = "libc++";
				CLANG_ENABLE_MODULES = YES;
				CLANG_ENABLE_OBJC_ARC = YES;
				CLANG_WARN_BOOL_CONVERSION = YES;
				CLANG_WARN_CONSTANT_CONVERSION = YES;
				CLANG_WARN_DIRECT_OBJC_ISA_USAGE = YES_ERROR;
				CLANG_WARN_DOCUMENTATION_COMMENTS = YES;
				CLANG_WARN_EMPTY_BODY = YES;
				CLANG_WARN_ENUM_CONVERSION = YES;
				CLANG_WARN_INFINITE_RECURSION = YES;
				CLANG_WARN_INT_CONVERSION = YES;
				CLANG_WARN_OBJC_ROOT_CLASS = YES_ERROR;
				CLANG_WARN_SUSPICIOUS_MOVE = YES;
				CLANG_WARN_UNREACHABLE_CODE = YES;
				CLANG_WARN__DUPLICATE_METHOD_MATCH = YES;
				"CODE_SIGN_IDENTITY[sdk=iphoneos*]" = "iPhone Developer";
				COPY_PHASE_STRIP = NO;
				DEBUG_INFORMATION_FORMAT = dwarf;
				ENABLE_STRICT_OBJC_MSGSEND = YES;
				ENABLE_TESTABILITY = YES;
				GCC_C_LANGUAGE_STANDARD = gnu99;
				GCC_DYNAMIC_NO_PIC = NO;
				GCC_NO_COMMON_BLOCKS = YES;
				GCC_OPTIMIZATION_LEVEL = 0;
				GCC_PREPROCESSOR_DEFINITIONS = (
					"DEBUG=1",
					"$(inherited)",
				);
				GCC_WARN_64_TO_32_BIT_CONVERSION = YES;
				GCC_WARN_ABOUT_RETURN_TYPE = YES_ERROR;
				GCC_WARN_UNDECLARED_SELECTOR = YES;
				GCC_WARN_UNINITIALIZED_AUTOS = YES_AGGRESSIVE;
				GCC_WARN_UNUSED_FUNCTION = YES;
				GCC_WARN_UNUSED_VARIABLE = YES;
				IPHONEOS_DEPLOYMENT_TARGET = 10.2;
				MTL_ENABLE_DEBUG_INFO = YES;
				ONLY_ACTIVE_ARCH = YES;
				SDKROOT = iphoneos;
				SWIFT_ACTIVE_COMPILATION_CONDITIONS = DEBUG;
				SWIFT_OPTIMIZATION_LEVEL = "-Onone";
				TARGETED_DEVICE_FAMILY = "1,2";
			};
			name = Debug;
		};
		517D19221E456CE800E59BCD /* Release */ = {
			isa = XCBuildConfiguration;
			buildSettings = {
				ALWAYS_SEARCH_USER_PATHS = NO;
				CLANG_ANALYZER_NONNULL = YES;
				CLANG_CXX_LANGUAGE_STANDARD = "gnu++0x";
				CLANG_CXX_LIBRARY = "libc++";
				CLANG_ENABLE_MODULES = YES;
				CLANG_ENABLE_OBJC_ARC = YES;
				CLANG_WARN_BOOL_CONVERSION = YES;
				CLANG_WARN_CONSTANT_CONVERSION = YES;
				CLANG_WARN_DIRECT_OBJC_ISA_USAGE = YES_ERROR;
				CLANG_WARN_DOCUMENTATION_COMMENTS = YES;
				CLANG_WARN_EMPTY_BODY = YES;
				CLANG_WARN_ENUM_CONVERSION = YES;
				CLANG_WARN_INFINITE_RECURSION = YES;
				CLANG_WARN_INT_CONVERSION = YES;
				CLANG_WARN_OBJC_ROOT_CLASS = YES_ERROR;
				CLANG_WARN_SUSPICIOUS_MOVE = YES;
				CLANG_WARN_UNREACHABLE_CODE = YES;
				CLANG_WARN__DUPLICATE_METHOD_MATCH = YES;
				"CODE_SIGN_IDENTITY[sdk=iphoneos*]" = "iPhone Developer";
				COPY_PHASE_STRIP = NO;
				DEBUG_INFORMATION_FORMAT = "dwarf-with-dsym";
				ENABLE_NS_ASSERTIONS = NO;
				ENABLE_STRICT_OBJC_MSGSEND = YES;
				GCC_C_LANGUAGE_STANDARD = gnu99;
				GCC_NO_COMMON_BLOCKS = YES;
				GCC_WARN_64_TO_32_BIT_CONVERSION = YES;
				GCC_WARN_ABOUT_RETURN_TYPE = YES_ERROR;
				GCC_WARN_UNDECLARED_SELECTOR = YES;
				GCC_WARN_UNINITIALIZED_AUTOS = YES_AGGRESSIVE;
				GCC_WARN_UNUSED_FUNCTION = YES;
				GCC_WARN_UNUSED_VARIABLE = YES;
				IPHONEOS_DEPLOYMENT_TARGET = 10.2;
				MTL_ENABLE_DEBUG_INFO = NO;
				SDKROOT = iphoneos;
				SWIFT_OPTIMIZATION_LEVEL = "-Owholemodule";
				TARGETED_DEVICE_FAMILY = "1,2";
				VALIDATE_PRODUCT = YES;
			};
			name = Release;
		};
		517D19241E456CE800E59BCD /* Debug */ = {
			isa = XCBuildConfiguration;
			buildSettings = {
				ASSETCATALOG_COMPILER_APPICON_NAME = AppIcon;
				INFOPLIST_FILE = "Another-WebView/Info.plist";
				LD_RUNPATH_SEARCH_PATHS = "$(inherited) @executable_path/Frameworks";
				PRODUCT_BUNDLE_IDENTIFIER = "Duc-Nguyen.Another-WebView";
				PRODUCT_NAME = "$(TARGET_NAME)";
				SWIFT_VERSION = 3.0;
			};
			name = Debug;
		};
		517D19251E456CE800E59BCD /* Release */ = {
			isa = XCBuildConfiguration;
			buildSettings = {
				ASSETCATALOG_COMPILER_APPICON_NAME = AppIcon;
				INFOPLIST_FILE = "Another-WebView/Info.plist";
				LD_RUNPATH_SEARCH_PATHS = "$(inherited) @executable_path/Frameworks";
				PRODUCT_BUNDLE_IDENTIFIER = "Duc-Nguyen.Another-WebView";
				PRODUCT_NAME = "$(TARGET_NAME)";
				SWIFT_VERSION = 3.0;
			};
			name = Release;
		};
/* End XCBuildConfiguration section */

/* Begin XCConfigurationList section */
		517D190C1E456CE700E59BCD /* Build configuration list for PBXProject "Another-WebView" */ = {
			isa = XCConfigurationList;
			buildConfigurations = (
				517D19211E456CE800E59BCD /* Debug */,
				517D19221E456CE800E59BCD /* Release */,
			);
			defaultConfigurationIsVisible = 0;
			defaultConfigurationName = Release;
		};
		517D19231E456CE800E59BCD /* Build configuration list for PBXNativeTarget "Another-WebView" */ = {
			isa = XCConfigurationList;
			buildConfigurations = (
				517D19241E456CE800E59BCD /* Debug */,
				517D19251E456CE800E59BCD /* Release */,
			);
			defaultConfigurationIsVisible = 0;
		};
/* End XCConfigurationList section */
	};
	rootObject = 517D19091E456CE700E59BCD /* Project object */;
}
